// !$*UTF8*$!
{
	archiveVersion = 1;
	classes = {
	};
	objectVersion = 77;
	objects = {

/* Begin PBXBuildFile section */
		689056DFC357353A20234D27 /* StockService.swift in Sources */ = {isa = PBXBuildFile; fileRef = 1C7E6DA9D8F643B1949E09A1 /* StockService.swift */; };
		90729059BF0182DB6F00502D /* Assets.xcassets in Resources */ = {isa = PBXBuildFile; fileRef = C9A340AC99E1999288EFF808 /* Assets.xcassets */; };
		A8F44DACB3659E36E1B46071 /* StockMenuBarTests.swift in Sources */ = {isa = PBXBuildFile; fileRef = DBE793BB7DF892D286052699 /* StockMenuBarTests.swift */; };
		BC9BCCE7F85DA66DEECBC846 /* StockMenuBarUITests.swift in Sources */ = {isa = PBXBuildFile; fileRef = 900DD318A50A0242DA0547F4 /* StockMenuBarUITests.swift */; };
		C1D89B2182D952A3A5018A46 /* StockManager.swift in Sources */ = {isa = PBXBuildFile; fileRef = BDC51C0E19654A314D7C982D /* StockManager.swift */; };
		D5C3A44F018FEF1B49234E20 /* StockMenuBarApp.swift in Sources */ = {isa = PBXBuildFile; fileRef = 9338A98F772E833293847942 /* StockMenuBarApp.swift */; };
		E0946638C0CCA185F1C47C29 /* StockMenuBarUITestsLaunchTests.swift in Sources */ = {isa = PBXBuildFile; fileRef = 09DDBC2E9229E550C43C7941 /* StockMenuBarUITestsLaunchTests.swift */; };
		F918982FE3669FBDC07B806C /* StockItem.swift in Sources */ = {isa = PBXBuildFile; fileRef = C39E5AB041D3D71014FFADF7 /* StockItem.swift */; };
/* End PBXBuildFile section */

/* Begin PBXContainerItemProxy section */
		4C865CAE52E2AEBEE1AF13E1 /* PBXContainerItemProxy */ = {
			isa = PBXContainerItemProxy;
			containerPortal = E3EF1126F525DB666D1939B4 /* Project object */;
			proxyType = 1;
			remoteGlobalIDString = 1FF6F53BFEBBB9E4FE669EC6;
			remoteInfo = StockMenuBar;
		};
		C5FB28F17D98B66A2B378ED6 /* PBXContainerItemProxy */ = {
			isa = PBXContainerItemProxy;
			containerPortal = E3EF1126F525DB666D1939B4 /* Project object */;
			proxyType = 1;
			remoteGlobalIDString = 1FF6F53BFEBBB9E4FE669EC6;
			remoteInfo = StockMenuBar;
		};
/* End PBXContainerItemProxy section */

/* Begin PBXFileReference section */
		09DDBC2E9229E550C43C7941 /* StockMenuBarUITestsLaunchTests.swift */ = {isa = PBXFileReference; lastKnownFileType = sourcecode.swift; path = StockMenuBarUITestsLaunchTests.swift; sourceTree = "<group>"; };
		1C7E6DA9D8F643B1949E09A1 /* StockService.swift */ = {isa = PBXFileReference; lastKnownFileType = sourcecode.swift; path = StockService.swift; sourceTree = "<group>"; };
		76638D502D4AF1E69DDE680D /* StockMenuBarTests.xctest */ = {isa = PBXFileReference; explicitFileType = wrapper.cfbundle; includeInIndex = 0; path = StockMenuBarTests.xctest; sourceTree = BUILT_PRODUCTS_DIR; };
		8FFBC2B30E37A6C733B192B8 /* StockMenuBarUITests.xctest */ = {isa = PBXFileReference; explicitFileType = wrapper.cfbundle; includeInIndex = 0; path = StockMenuBarUITests.xctest; sourceTree = BUILT_PRODUCTS_DIR; };
		900DD318A50A0242DA0547F4 /* StockMenuBarUITests.swift */ = {isa = PBXFileReference; lastKnownFileType = sourcecode.swift; path = StockMenuBarUITests.swift; sourceTree = "<group>"; };
		9338A98F772E833293847942 /* StockMenuBarApp.swift */ = {isa = PBXFileReference; lastKnownFileType = sourcecode.swift; path = StockMenuBarApp.swift; sourceTree = "<group>"; };
		BDC51C0E19654A314D7C982D /* StockManager.swift */ = {isa = PBXFileReference; lastKnownFileType = sourcecode.swift; path = StockManager.swift; sourceTree = "<group>"; };
		C39E5AB041D3D71014FFADF7 /* StockItem.swift */ = {isa = PBXFileReference; lastKnownFileType = sourcecode.swift; path = StockItem.swift; sourceTree = "<group>"; };
		C9A340AC99E1999288EFF808 /* Assets.xcassets */ = {isa = PBXFileReference; lastKnownFileType = folder.assetcatalog; path = Assets.xcassets; sourceTree = "<group>"; };
		D4D803EB4619D521B2954A19 /* StockMenuBar.app */ = {isa = PBXFileReference; explicitFileType = wrapper.application; includeInIndex = 0; path = StockMenuBar.app; sourceTree = BUILT_PRODUCTS_DIR; };
		DBE793BB7DF892D286052699 /* StockMenuBarTests.swift */ = {isa = PBXFileReference; lastKnownFileType = sourcecode.swift; path = StockMenuBarTests.swift; sourceTree = "<group>"; };
/* End PBXFileReference section */

/* Begin PBXGroup section */
		373FEA6BC37F90271AE90615 /* Models */ = {
			isa = PBXGroup;
			children = (
				C39E5AB041D3D71014FFADF7 /* StockItem.swift */,
			);
			path = Models;
			sourceTree = "<group>";
		};
		438800949CB895B83EA13C1D /* Managers */ = {
			isa = PBXGroup;
			children = (
				BDC51C0E19654A314D7C982D /* StockManager.swift */,
			);
			path = Managers;
			sourceTree = "<group>";
		};
		5E59E24F1D330EFE2FA7D309 /* Products */ = {
			isa = PBXGroup;
			children = (
				D4D803EB4619D521B2954A19 /* StockMenuBar.app */,
				76638D502D4AF1E69DDE680D /* StockMenuBarTests.xctest */,
				8FFBC2B30E37A6C733B192B8 /* StockMenuBarUITests.xctest */,
			);
			name = Products;
			sourceTree = "<group>";
		};
		61753FB7F3C40E0C987D323E /* StockMenuBarUITests */ = {
			isa = PBXGroup;
			children = (
				900DD318A50A0242DA0547F4 /* StockMenuBarUITests.swift */,
				09DDBC2E9229E550C43C7941 /* StockMenuBarUITestsLaunchTests.swift */,
			);
			path = StockMenuBarUITests;
			sourceTree = "<group>";
		};
		6D42B279CF48153993889BBE /* Services */ = {
			isa = PBXGroup;
			children = (
				1C7E6DA9D8F643B1949E09A1 /* StockService.swift */,
			);
			path = Services;
			sourceTree = "<group>";
		};
		9AA08FF024D1755B95833ACD /* StockMenuBar */ = {
			isa = PBXGroup;
			children = (
				C9A340AC99E1999288EFF808 /* Assets.xcassets */,
				D7789CEBE6C1B0195DD22F01 /* App */,
				438800949CB895B83EA13C1D /* Managers */,
				373FEA6BC37F90271AE90615 /* Models */,
				6D42B279CF48153993889BBE /* Services */,
			);
			path = StockMenuBar;
			sourceTree = "<group>";
		};
		B451578C1B38B6200198974F = {
			isa = PBXGroup;
			children = (
				9AA08FF024D1755B95833ACD /* StockMenuBar */,
				C1A3EF5FACB130EAD42F1DF1 /* StockMenuBarTests */,
				61753FB7F3C40E0C987D323E /* StockMenuBarUITests */,
				5E59E24F1D330EFE2FA7D309 /* Products */,
			);
			sourceTree = "<group>";
		};
		C1A3EF5FACB130EAD42F1DF1 /* StockMenuBarTests */ = {
			isa = PBXGroup;
			children = (
				DBE793BB7DF892D286052699 /* StockMenuBarTests.swift */,
			);
			path = StockMenuBarTests;
			sourceTree = "<group>";
		};
		D7789CEBE6C1B0195DD22F01 /* App */ = {
			isa = PBXGroup;
			children = (
				9338A98F772E833293847942 /* StockMenuBarApp.swift */,
			);
			path = App;
			sourceTree = "<group>";
		};
/* End PBXGroup section */

/* Begin PBXNativeTarget section */
		1FF6F53BFEBBB9E4FE669EC6 /* StockMenuBar */ = {
			isa = PBXNativeTarget;
			buildConfigurationList = AF8D32A0A690F153395542C9 /* Build configuration list for PBXNativeTarget "StockMenuBar" */;
			buildPhases = (
				FD0BFCDE7668678FF7BA4B07 /* Sources */,
				63AFC245258D504BE3EC257A /* Resources */,
			);
			buildRules = (
			);
			dependencies = (
			);
			name = StockMenuBar;
			packageProductDependencies = (
			);
			productName = StockMenuBar;
			productReference = D4D803EB4619D521B2954A19 /* StockMenuBar.app */;
			productType = "com.apple.product-type.application";
		};
		4ED6264F63F80CB8B2C0A027 /* StockMenuBarUITests */ = {
			isa = PBXNativeTarget;
			buildConfigurationList = E0E9791FEBFA7BA367B06FDC /* Build configuration list for PBXNativeTarget "StockMenuBarUITests" */;
			buildPhases = (
				AD387F4B1F95949A71A2C5A7 /* Sources */,
			);
			buildRules = (
			);
			dependencies = (
				7B4F486422E2B3608381AC62 /* PBXTargetDependency */,
			);
			name = StockMenuBarUITests;
			packageProductDependencies = (
			);
			productName = StockMenuBarUITests;
			productReference = 8FFBC2B30E37A6C733B192B8 /* StockMenuBarUITests.xctest */;
			productType = "com.apple.product-type.bundle.ui-testing";
		};
		C09FFDFB44DCCD79F349F0CD /* StockMenuBarTests */ = {
			isa = PBXNativeTarget;
			buildConfigurationList = 2D298375C85AA11A47AE0211 /* Build configuration list for PBXNativeTarget "StockMenuBarTests" */;
			buildPhases = (
				EE70BF7D6F1AD01CCE58F71D /* Sources */,
			);
			buildRules = (
			);
			dependencies = (
				886746636A45CD9A3CC83BCD /* PBXTargetDependency */,
			);
			name = StockMenuBarTests;
			packageProductDependencies = (
			);
			productName = StockMenuBarTests;
			productReference = 76638D502D4AF1E69DDE680D /* StockMenuBarTests.xctest */;
			productType = "com.apple.product-type.bundle.unit-test";
		};
/* End PBXNativeTarget section */

/* Begin PBXProject section */
		E3EF1126F525DB666D1939B4 /* Project object */ = {
			isa = PBXProject;
			attributes = {
				BuildIndependentTargetsInParallel = YES;
				LastUpgradeCheck = 1430;
				TargetAttributes = {
					4ED6264F63F80CB8B2C0A027 = {
						TestTargetID = 1FF6F53BFEBBB9E4FE669EC6;
					};
				};
			};
			buildConfigurationList = 29F7186E9F5EB6D4E3DAA404 /* Build configuration list for PBXProject "StockMenuBar" */;
			developmentRegion = en;
			hasScannedForEncodings = 0;
			knownRegions = (
				Base,
				en,
			);
			mainGroup = B451578C1B38B6200198974F;
			minimizedProjectReferenceProxies = 1;
			preferredProjectObjectVersion = 77;
			productRefGroup = 5E59E24F1D330EFE2FA7D309 /* Products */;
			projectDirPath = "";
			projectRoot = "";
			targets = (
				1FF6F53BFEBBB9E4FE669EC6 /* StockMenuBar */,
				C09FFDFB44DCCD79F349F0CD /* StockMenuBarTests */,
				4ED6264F63F80CB8B2C0A027 /* StockMenuBarUITests */,
			);
		};
/* End PBXProject section */

/* Begin PBXResourcesBuildPhase section */
		63AFC245258D504BE3EC257A /* Resources */ = {
			isa = PBXResourcesBuildPhase;
			buildActionMask = 2147483647;
			files = (
				90729059BF0182DB6F00502D /* Assets.xcassets in Resources */,
			);
			runOnlyForDeploymentPostprocessing = 0;
		};
/* End PBXResourcesBuildPhase section */

/* Begin PBXSourcesBuildPhase section */
		AD387F4B1F95949A71A2C5A7 /* Sources */ = {
			isa = PBXSourcesBuildPhase;
			buildActionMask = 2147483647;
			files = (
				BC9BCCE7F85DA66DEECBC846 /* StockMenuBarUITests.swift in Sources */,
				E0946638C0CCA185F1C47C29 /* StockMenuBarUITestsLaunchTests.swift in Sources */,
			);
			runOnlyForDeploymentPostprocessing = 0;
		};
		EE70BF7D6F1AD01CCE58F71D /* Sources */ = {
			isa = PBXSourcesBuildPhase;
			buildActionMask = 2147483647;
			files = (
				A8F44DACB3659E36E1B46071 /* StockMenuBarTests.swift in Sources */,
			);
			runOnlyForDeploymentPostprocessing = 0;
		};
		FD0BFCDE7668678FF7BA4B07 /* Sources */ = {
			isa = PBXSourcesBuildPhase;
			buildActionMask = 2147483647;
			files = (
				F918982FE3669FBDC07B806C /* StockItem.swift in Sources */,
				C1D89B2182D952A3A5018A46 /* StockManager.swift in Sources */,
				D5C3A44F018FEF1B49234E20 /* StockMenuBarApp.swift in Sources */,
				689056DFC357353A20234D27 /* StockService.swift in Sources */,
			);
			runOnlyForDeploymentPostprocessing = 0;
		};
/* End PBXSourcesBuildPhase section */

/* Begin PBXTargetDependency section */
		7B4F486422E2B3608381AC62 /* PBXTargetDependency */ = {
			isa = PBXTargetDependency;
			target = 1FF6F53BFEBBB9E4FE669EC6 /* StockMenuBar */;
			targetProxy = 4C865CAE52E2AEBEE1AF13E1 /* PBXContainerItemProxy */;
		};
		886746636A45CD9A3CC83BCD /* PBXTargetDependency */ = {
			isa = PBXTargetDependency;
			target = 1FF6F53BFEBBB9E4FE669EC6 /* StockMenuBar */;
			targetProxy = C5FB28F17D98B66A2B378ED6 /* PBXContainerItemProxy */;
		};
/* End PBXTargetDependency section */

/* Begin XCBuildConfiguration section */
		51D9673215B54D67BADAC4E2 /* Debug */ = {
			isa = XCBuildConfiguration;
			buildSettings = {
				BUNDLE_LOADER = "$(TEST_HOST)";
				COMBINE_HIDPI_IMAGES = YES;
				LD_RUNPATH_SEARCH_PATHS = (
					"$(inherited)",
					"@executable_path/../Frameworks",
					"@loader_path/../Frameworks",
				);
				SDKROOT = macosx;
				TEST_HOST = "$(BUILT_PRODUCTS_DIR)/StockMenuBar.app/Contents/MacOS/StockMenuBar";
			};
			name = Debug;
		};
		60F613F91518354F00052CBE /* Debug */ = {
			isa = XCBuildConfiguration;
			buildSettings = {
				ALWAYS_SEARCH_USER_PATHS = NO;
				CLANG_ANALYZER_NONNULL = YES;
				CLANG_ANALYZER_NUMBER_OBJECT_CONVERSION = YES_AGGRESSIVE;
				CLANG_CXX_LANGUAGE_STANDARD = "gnu++14";
				CLANG_CXX_LIBRARY = "libc++";
				CLANG_ENABLE_MODULES = YES;
				CLANG_ENABLE_OBJC_ARC = YES;
				CLANG_ENABLE_OBJC_WEAK = YES;
				CLANG_WARN_BLOCK_CAPTURE_AUTORELEASING = YES;
				CLANG_WARN_BOOL_CONVERSION = YES;
				CLANG_WARN_COMMA = YES;
				CLANG_WARN_CONSTANT_CONVERSION = YES;
				CLANG_WARN_DEPRECATED_OBJC_IMPLEMENTATIONS = YES;
				CLANG_WARN_DIRECT_OBJC_ISA_USAGE = YES_ERROR;
				CLANG_WARN_DOCUMENTATION_COMMENTS = YES;
				CLANG_WARN_EMPTY_BODY = YES;
				CLANG_WARN_ENUM_CONVERSION = YES;
				CLANG_WARN_INFINITE_RECURSION = YES;
				CLANG_WARN_INT_CONVERSION = YES;
				CLANG_WARN_NON_LITERAL_NULL_CONVERSION = YES;
				CLANG_WARN_OBJC_IMPLICIT_RETAIN_SELF = YES;
				CLANG_WARN_OBJC_LITERAL_CONVERSION = YES;
				CLANG_WARN_OBJC_ROOT_CLASS = YES_ERROR;
				CLANG_WARN_QUOTED_INCLUDE_IN_FRAMEWORK_HEADER = YES;
				CLANG_WARN_RANGE_LOOP_ANALYSIS = YES;
				CLANG_WARN_STRICT_PROTOTYPES = YES;
				CLANG_WARN_SUSPICIOUS_MOVE = YES;
				CLANG_WARN_UNGUARDED_AVAILABILITY = YES_AGGRESSIVE;
				CLANG_WARN_UNREACHABLE_CODE = YES;
				CLANG_WARN__DUPLICATE_METHOD_MATCH = YES;
				COPY_PHASE_STRIP = NO;
				DEBUG_INFORMATION_FORMAT = dwarf;
				ENABLE_STRICT_OBJC_MSGSEND = YES;
				ENABLE_TESTABILITY = YES;
				GCC_C_LANGUAGE_STANDARD = gnu11;
				GCC_DYNAMIC_NO_PIC = NO;
				GCC_NO_COMMON_BLOCKS = YES;
				GCC_OPTIMIZATION_LEVEL = 0;
				GCC_PREPROCESSOR_DEFINITIONS = (
					"$(inherited)",
					"DEBUG=1",
				);
				GCC_WARN_64_TO_32_BIT_CONVERSION = YES;
				GCC_WARN_ABOUT_RETURN_TYPE = YES_ERROR;
				GCC_WARN_UNDECLARED_SELECTOR = YES;
				GCC_WARN_UNINITIALIZED_AUTOS = YES_AGGRESSIVE;
				GCC_WARN_UNUSED_FUNCTION = YES;
				GCC_WARN_UNUSED_VARIABLE = YES;
				MTL_ENABLE_DEBUG_INFO = INCLUDE_SOURCE;
				MTL_FAST_MATH = YES;
				ONLY_ACTIVE_ARCH = YES;
				PRODUCT_NAME = "$(TARGET_NAME)";
				SDKROOT = macosx;
				SWIFT_ACTIVE_COMPILATION_CONDITIONS = DEBUG;
				SWIFT_OPTIMIZATION_LEVEL = "-Onone";
				SWIFT_VERSION = 5.0;
			};
			name = Debug;
		};
		678A6ECA5591FEEE54BBCE6D /* Debug */ = {
			isa = XCBuildConfiguration;
			buildSettings = {
				BUNDLE_LOADER = "$(TEST_HOST)";
				COMBINE_HIDPI_IMAGES = YES;
				LD_RUNPATH_SEARCH_PATHS = (
					"$(inherited)",
					"@executable_path/Frameworks",
					"@loader_path/Frameworks",
				);
				SDKROOT = macosx;
				TEST_TARGET_NAME = StockMenuBar;
			};
			name = Debug;
		};
		70D484B09146E71EDB583307 /* Release */ = {
			isa = XCBuildConfiguration;
			buildSettings = {
				ASSETCATALOG_COMPILER_APPICON_NAME = AppIcon;
				COMBINE_HIDPI_IMAGES = YES;
				CURRENT_PROJECT_VERSION = 1;
				GENERATE_INFOPLIST_FILE = YES;
				LD_RUNPATH_SEARCH_PATHS = (
					"$(inherited)",
					"@executable_path/../Frameworks",
				);
				MARKETING_VERSION = 1.0;
				PRODUCT_BUNDLE_IDENTIFIER = com.tris.StockMenuBar;
				PRODUCT_NAME = StockMenuBar;
				SDKROOT = macosx;
			};
			name = Release;
		};
		7DFD66B94BBDA6ABFBE30717 /* Release */ = {
			isa = XCBuildConfiguration;
			buildSettings = {
				BUNDLE_LOADER = "$(TEST_HOST)";
				COMBINE_HIDPI_IMAGES = YES;
				LD_RUNPATH_SEARCH_PATHS = (
					"$(inherited)",
					"@executable_path/../Frameworks",
					"@loader_path/../Frameworks",
				);
				SDKROOT = macosx;
				TEST_HOST = "$(BUILT_PRODUCTS_DIR)/StockMenuBar.app/Contents/MacOS/StockMenuBar";
			};
			name = Release;
		};
		971E690E1AEDE593C76B59FA /* Debug */ = {
			isa = XCBuildConfiguration;
			buildSettings = {
				ASSETCATALOG_COMPILER_APPICON_NAME = AppIcon;
				COMBINE_HIDPI_IMAGES = YES;
				CURRENT_PROJECT_VERSION = 1;
				GENERATE_INFOPLIST_FILE = YES;
				LD_RUNPATH_SEARCH_PATHS = (
					"$(inherited)",
					"@executable_path/../Frameworks",
				);
				MARKETING_VERSION = 1.0;
				PRODUCT_BUNDLE_IDENTIFIER = com.tris.StockMenuBar;
				PRODUCT_NAME = StockMenuBar;
				SDKROOT = macosx;
			};
			name = Debug;
		};
		BC8D336039230E80FC63803B /* Release */ = {
			isa = XCBuildConfiguration;
			buildSettings = {
				BUNDLE_LOADER = "$(TEST_HOST)";
				COMBINE_HIDPI_IMAGES = YES;
				LD_RUNPATH_SEARCH_PATHS = (
					"$(inherited)",
					"@executable_path/Frameworks",
					"@loader_path/Frameworks",
				);
				SDKROOT = macosx;
				TEST_TARGET_NAME = StockMenuBar;
			};
			name = Release;
		};
		D187E3FDB3F5B77C94D6AD99 /* Release */ = {
			isa = XCBuildConfiguration;
			buildSettings = {
				ALWAYS_SEARCH_USER_PATHS = NO;
				CLANG_ANALYZER_NONNULL = YES;
				CLANG_ANALYZER_NUMBER_OBJECT_CONVERSION = YES_AGGRESSIVE;
				CLANG_CXX_LANGUAGE_STANDARD = "gnu++14";
				CLANG_CXX_LIBRARY = "libc++";
				CLANG_ENABLE_MODULES = YES;
				CLANG_ENABLE_OBJC_ARC = YES;
				CLANG_ENABLE_OBJC_WEAK = YES;
				CLANG_WARN_BLOCK_CAPTURE_AUTORELEASING = YES;
				CLANG_WARN_BOOL_CONVERSION = YES;
				CLANG_WARN_COMMA = YES;
				CLANG_WARN_CONSTANT_CONVERSION = YES;
				CLANG_WARN_DEPRECATED_OBJC_IMPLEMENTATIONS = YES;
				CLANG_WARN_DIRECT_OBJC_ISA_USAGE = YES_ERROR;
				CLANG_WARN_DOCUMENTATION_COMMENTS = YES;
				CLANG_WARN_EMPTY_BODY = YES;
				CLANG_WARN_ENUM_CONVERSION = YES;
				CLANG_WARN_INFINITE_RECURSION = YES;
				CLANG_WARN_INT_CONVERSION = YES;
				CLANG_WARN_NON_LITERAL_NULL_CONVERSION = YES;
				CLANG_WARN_OBJC_IMPLICIT_RETAIN_SELF = YES;
				CLANG_WARN_OBJC_LITERAL_CONVERSION = YES;
				CLANG_WARN_OBJC_ROOT_CLASS = YES_ERROR;
				CLANG_WARN_QUOTED_INCLUDE_IN_FRAMEWORK_HEADER = YES;
				CLANG_WARN_RANGE_LOOP_ANALYSIS = YES;
				CLANG_WARN_STRICT_PROTOTYPES = YES;
				CLANG_WARN_SUSPICIOUS_MOVE = YES;
				CLANG_WARN_UNGUARDED_AVAILABILITY = YES_AGGRESSIVE;
				CLANG_WARN_UNREACHABLE_CODE = YES;
				CLANG_WARN__DUPLICATE_METHOD_MATCH = YES;
				COPY_PHASE_STRIP = NO;
				DEBUG_INFORMATION_FORMAT = "dwarf-with-dsym";
				ENABLE_NS_ASSERTIONS = NO;
				ENABLE_STRICT_OBJC_MSGSEND = YES;
				GCC_C_LANGUAGE_STANDARD = gnu11;
				GCC_NO_COMMON_BLOCKS = YES;
				GCC_WARN_64_TO_32_BIT_CONVERSION = YES;
				GCC_WARN_ABOUT_RETURN_TYPE = YES_ERROR;
				GCC_WARN_UNDECLARED_SELECTOR = YES;
				GCC_WARN_UNINITIALIZED_AUTOS = YES_AGGRESSIVE;
				GCC_WARN_UNUSED_FUNCTION = YES;
				GCC_WARN_UNUSED_VARIABLE = YES;
				MTL_ENABLE_DEBUG_INFO = NO;
				MTL_FAST_MATH = YES;
				PRODUCT_NAME = "$(TARGET_NAME)";
				SDKROOT = macosx;
				SWIFT_COMPILATION_MODE = wholemodule;
				SWIFT_OPTIMIZATION_LEVEL = "-O";
				SWIFT_VERSION = 5.0;
			};
			name = Release;
		};
/* End XCBuildConfiguration section */

/* Begin XCConfigurationList section */
		29F7186E9F5EB6D4E3DAA404 /* Build configuration list for PBXProject "StockMenuBar" */ = {
			isa = XCConfigurationList;
			buildConfigurations = (
				60F613F91518354F00052CBE /* Debug */,
				D187E3FDB3F5B77C94D6AD99 /* Release */,
			);
			defaultConfigurationIsVisible = 0;
			defaultConfigurationName = Debug;
		};
		2D298375C85AA11A47AE0211 /* Build configuration list for PBXNativeTarget "StockMenuBarTests" */ = {
			isa = XCConfigurationList;
			buildConfigurations = (
				51D9673215B54D67BADAC4E2 /* Debug */,
				7DFD66B94BBDA6ABFBE30717 /* Release */,
			);
			defaultConfigurationIsVisible = 0;
			defaultConfigurationName = Debug;
		};
		AF8D32A0A690F153395542C9 /* Build configuration list for PBXNativeTarget "StockMenuBar" */ = {
			isa = XCConfigurationList;
			buildConfigurations = (
				971E690E1AEDE593C76B59FA /* Debug */,
				70D484B09146E71EDB583307 /* Release */,
			);
			defaultConfigurationIsVisible = 0;
			defaultConfigurationName = Debug;
		};
		E0E9791FEBFA7BA367B06FDC /* Build configuration list for PBXNativeTarget "StockMenuBarUITests" */ = {
			isa = XCConfigurationList;
			buildConfigurations = (
				678A6ECA5591FEEE54BBCE6D /* Debug */,
				BC8D336039230E80FC63803B /* Release */,
			);
			defaultConfigurationIsVisible = 0;
			defaultConfigurationName = Debug;
		};
/* End XCConfigurationList section */
	};
	rootObject = E3EF1126F525DB666D1939B4 /* Project object */;
}
